
Microsoft Visual Studio Solution File, Format Version 12.00
# Visual Studio 15
VisualStudioVersion = 15.0.28010.0
MinimumVisualStudioVersion = 10.0.40219.1
Project("{FAE04EC0-301F-11D3-BF4B-00C04F79EFBC}") = "TpBubbleSort", "TpBubbleSort\TpBubbleSort.csproj", "{33EED0B0-25BE-49EE-9D98-517685156821}"
EndProject
Global
	GlobalSection(SolutionConfigurationPlatforms) = preSolution
		Debug|Any CPU = Debug|Any CPU
		Release|Any CPU = Release|Any CPU
	EndGlobalSection
	GlobalSection(ProjectConfigurationPlatforms) = postSolution
		{33EED0B0-25BE-49EE-9D98-517685156821}.Debug|Any CPU.ActiveCfg = Debug|Any CPU
		{33EED0B0-25BE-49EE-9D98-517685156821}.Debug|Any CPU.Build.0 = Debug|Any CPU
		{33EED0B0-25BE-49EE-9D98-517685156821}.Release|Any CPU.ActiveCfg = Release|Any CPU
		{33EED0B0-25BE-49EE-9D98-517685156821}.Release|Any CPU.Build.0 = Release|Any CPU
	EndGlobalSection
	GlobalSection(SolutionProperties) = preSolution
		HideSolutionNode = FALSE
	EndGlobalSection
	GlobalSection(ExtensibilityGlobals) = postSolution
		SolutionGuid = {A15266B2-B4C1-498A-BF73-7091BEA88CDB}
	EndGlobalSection
EndGlobal
